
Microsoft Visual Studio Solution File, Format Version 12.00
# Visual Studio 2013
VisualStudioVersion = 12.0.30324.0
MinimumVisualStudioVersion = 10.0.40219.1
Project("{FAE04EC0-301F-11D3-BF4B-00C04F79EFBC}") = "Auction", "Auction\Auction.csproj", "{DC015EDC-22CD-4055-800E-1BC335B8D798}"
EndProject
Project("{FAE04EC0-301F-11D3-BF4B-00C04F79EFBC}") = "Auction.Infrastructure", "Auction.Infrastructure\Auction.Infrastructure.csproj", "{63E68817-19F5-462B-8DA4-8AE5A8E4B1BA}"
EndProject
Project("{FAE04EC0-301F-11D3-BF4B-00C04F79EFBC}") = "Auction.Models", "Auction.Models\Auction.Models.csproj", "{021CDDA3-74F2-448A-900A-AE7BC4058CF6}"
EndProject
Project("{FAE04EC0-301F-11D3-BF4B-00C04F79EFBC}") = "Auction.Data", "Auction.Data\Auction.Data.csproj", "{2F1DCC4F-F27B-4636-828B-30C509B2D65E}"
EndProject
Project("{FAE04EC0-301F-11D3-BF4B-00C04F79EFBC}") = "AuctionService", "AuctionService\AuctionService.csproj", "{8026264B-7BDF-413B-9620-F064DD0046D2}"
EndProject
Global
	GlobalSection(SolutionConfigurationPlatforms) = preSolution
		Debug|Any CPU = Debug|Any CPU
		Release|Any CPU = Release|Any CPU
	EndGlobalSection
	GlobalSection(ProjectConfigurationPlatforms) = postSolution
		{DC015EDC-22CD-4055-800E-1BC335B8D798}.Debug|Any CPU.ActiveCfg = Debug|Any CPU
		{DC015EDC-22CD-4055-800E-1BC335B8D798}.Debug|Any CPU.Build.0 = Debug|Any CPU
		{DC015EDC-22CD-4055-800E-1BC335B8D798}.Release|Any CPU.ActiveCfg = Release|Any CPU
		{DC015EDC-22CD-4055-800E-1BC335B8D798}.Release|Any CPU.Build.0 = Release|Any CPU
		{63E68817-19F5-462B-8DA4-8AE5A8E4B1BA}.Debug|Any CPU.ActiveCfg = Debug|Any CPU
		{63E68817-19F5-462B-8DA4-8AE5A8E4B1BA}.Debug|Any CPU.Build.0 = Debug|Any CPU
		{63E68817-19F5-462B-8DA4-8AE5A8E4B1BA}.Release|Any CPU.ActiveCfg = Release|Any CPU
		{63E68817-19F5-462B-8DA4-8AE5A8E4B1BA}.Release|Any CPU.Build.0 = Release|Any CPU
		{021CDDA3-74F2-448A-900A-AE7BC4058CF6}.Debug|Any CPU.ActiveCfg = Debug|Any CPU
		{021CDDA3-74F2-448A-900A-AE7BC4058CF6}.Debug|Any CPU.Build.0 = Debug|Any CPU
		{021CDDA3-74F2-448A-900A-AE7BC4058CF6}.Release|Any CPU.ActiveCfg = Release|Any CPU
		{021CDDA3-74F2-448A-900A-AE7BC4058CF6}.Release|Any CPU.Build.0 = Release|Any CPU
		{2F1DCC4F-F27B-4636-828B-30C509B2D65E}.Debug|Any CPU.ActiveCfg = Debug|Any CPU
		{2F1DCC4F-F27B-4636-828B-30C509B2D65E}.Debug|Any CPU.Build.0 = Debug|Any CPU
		{2F1DCC4F-F27B-4636-828B-30C509B2D65E}.Release|Any CPU.ActiveCfg = Release|Any CPU
		{2F1DCC4F-F27B-4636-828B-30C509B2D65E}.Release|Any CPU.Build.0 = Release|Any CPU
		{8026264B-7BDF-413B-9620-F064DD0046D2}.Debug|Any CPU.ActiveCfg = Debug|Any CPU
		{8026264B-7BDF-413B-9620-F064DD0046D2}.Debug|Any CPU.Build.0 = Debug|Any CPU
		{8026264B-7BDF-413B-9620-F064DD0046D2}.Release|Any CPU.ActiveCfg = Release|Any CPU
		{8026264B-7BDF-413B-9620-F064DD0046D2}.Release|Any CPU.Build.0 = Release|Any CPU
	EndGlobalSection
	GlobalSection(SolutionProperties) = preSolution
		HideSolutionNode = FALSE
	EndGlobalSection
EndGlobal
